// !$*UTF8*$!
{
	archiveVersion = 1;
	classes = {
	};
	objectVersion = 48;
	objects = {

/* Begin PBXBuildFile section */
		ACE071E9202243AE00951D0C /* Controller.cpp in Sources */ = {isa = PBXBuildFile; fileRef = ACE071E7202243AE00951D0C /* Controller.cpp */; };
		ACE071EC202243DB00951D0C /* Runner.cpp in Sources */ = {isa = PBXBuildFile; fileRef = ACE071EB202243DB00951D0C /* Runner.cpp */; };
		ACE071F1202246C900951D0C /* Timer.cpp in Sources */ = {isa = PBXBuildFile; fileRef = ACE071EF202246C900951D0C /* Timer.cpp */; };
		ACE071F420224D5A00951D0C /* FileController.cpp in Sources */ = {isa = PBXBuildFile; fileRef = ACE071F220224D5A00951D0C /* FileController.cpp */; };
		ACE071F920224DEE00951D0C /* CrimeData.cpp in Sources */ = {isa = PBXBuildFile; fileRef = ACE071F720224DEE00951D0C /* CrimeData.cpp */; };
/* End PBXBuildFile section */

/* Begin PBXCopyFilesBuildPhase section */
		ACE071DB2022434300951D0C /* CopyFiles */ = {
			isa = PBXCopyFilesBuildPhase;
			buildActionMask = 2147483647;
			dstPath = /usr/share/man/man1/;
			dstSubfolderSpec = 0;
			files = (
			);
			runOnlyForDeploymentPostprocessing = 1;
		};
/* End PBXCopyFilesBuildPhase section */

/* Begin PBXFileReference section */
		ACE071DD2022434300951D0C /* DataStructureProject */ = {isa = PBXFileReference; explicitFileType = "compiled.mach-o.executable"; includeInIndex = 0; path = DataStructureProject; sourceTree = BUILT_PRODUCTS_DIR; };
		ACE071E7202243AE00951D0C /* Controller.cpp */ = {isa = PBXFileReference; lastKnownFileType = sourcecode.cpp.cpp; path = Controller.cpp; sourceTree = "<group>"; };
		ACE071E8202243AE00951D0C /* Controller.hpp */ = {isa = PBXFileReference; lastKnownFileType = sourcecode.cpp.h; path = Controller.hpp; sourceTree = "<group>"; };
		ACE071EB202243DB00951D0C /* Runner.cpp */ = {isa = PBXFileReference; lastKnownFileType = sourcecode.cpp.cpp; path = Runner.cpp; sourceTree = "<group>"; };
		ACE071EF202246C900951D0C /* Timer.cpp */ = {isa = PBXFileReference; lastKnownFileType = sourcecode.cpp.cpp; path = Timer.cpp; sourceTree = "<group>"; };
		ACE071F0202246C900951D0C /* Timer.hpp */ = {isa = PBXFileReference; lastKnownFileType = sourcecode.cpp.h; path = Timer.hpp; sourceTree = "<group>"; };
		ACE071F220224D5A00951D0C /* FileController.cpp */ = {isa = PBXFileReference; lastKnownFileType = sourcecode.cpp.cpp; path = FileController.cpp; sourceTree = "<group>"; };
		ACE071F320224D5A00951D0C /* FileController.hpp */ = {isa = PBXFileReference; lastKnownFileType = sourcecode.cpp.h; path = FileController.hpp; sourceTree = "<group>"; };
		ACE071F620224DEE00951D0C /* CrimeData.hpp */ = {isa = PBXFileReference; fileEncoding = 4; lastKnownFileType = sourcecode.cpp.h; name = CrimeData.hpp; path = ../../../../Downloads/CrimeData.hpp; sourceTree = "<group>"; };
		ACE071F720224DEE00951D0C /* CrimeData.cpp */ = {isa = PBXFileReference; fileEncoding = 4; lastKnownFileType = sourcecode.cpp.cpp; name = CrimeData.cpp; path = ../../../../Downloads/CrimeData.cpp; sourceTree = "<group>"; };
		ACE071F820224DEE00951D0C /* crime.csv */ = {isa = PBXFileReference; fileEncoding = 4; lastKnownFileType = text; name = crime.csv; path = ../../../../Downloads/crime.csv; sourceTree = "<group>"; };
/* End PBXFileReference section */

/* Begin PBXFrameworksBuildPhase section */
		ACE071DA2022434300951D0C /* Frameworks */ = {
			isa = PBXFrameworksBuildPhase;
			buildActionMask = 2147483647;
			files = (
			);
			runOnlyForDeploymentPostprocessing = 0;
		};
/* End PBXFrameworksBuildPhase section */

/* Begin PBXGroup section */
		ACE071D42022434300951D0C = {
			isa = PBXGroup;
			children = (
				ACE071DF2022434300951D0C /* DataStructureProject */,
				ACE071DE2022434300951D0C /* Products */,
			);
			sourceTree = "<group>";
		};
		ACE071DE2022434300951D0C /* Products */ = {
			isa = PBXGroup;
			children = (
				ACE071DD2022434300951D0C /* DataStructureProject */,
			);
			name = Products;
			sourceTree = "<group>";
		};
		ACE071DF2022434300951D0C /* DataStructureProject */ = {
			isa = PBXGroup;
			children = (
				ACE071F520224D9D00951D0C /* Data */,
				ACE071EB202243DB00951D0C /* Runner.cpp */,
				ACE071EA202243B500951D0C /* Controller */,
			);
			path = DataStructureProject;
			sourceTree = "<group>";
		};
		ACE071EA202243B500951D0C /* Controller */ = {
			isa = PBXGroup;
			children = (
				ACE071EE202246B100951D0C /* Tools */,
				ACE071E7202243AE00951D0C /* Controller.cpp */,
				ACE071E8202243AE00951D0C /* Controller.hpp */,
				ACE071F220224D5A00951D0C /* FileController.cpp */,
				ACE071F320224D5A00951D0C /* FileController.hpp */,
			);
			path = Controller;
			sourceTree = "<group>";
		};
		ACE071EE202246B100951D0C /* Tools */ = {
			isa = PBXGroup;
			children = (
				ACE071EF202246C900951D0C /* Timer.cpp */,
				ACE071F0202246C900951D0C /* Timer.hpp */,
			);
			path = Tools;
			sourceTree = "<group>";
		};
		ACE071F520224D9D00951D0C /* Data */ = {
			isa = PBXGroup;
			children = (
				ACE071F820224DEE00951D0C /* crime.csv */,
				ACE071F720224DEE00951D0C /* CrimeData.cpp */,
				ACE071F620224DEE00951D0C /* CrimeData.hpp */,
			);
			path = Data;
			sourceTree = "<group>";
		};
/* End PBXGroup section */

/* Begin PBXNativeTarget section */
		ACE071DC2022434300951D0C /* DataStructureProject */ = {
			isa = PBXNativeTarget;
			buildConfigurationList = ACE071E42022434300951D0C /* Build configuration list for PBXNativeTarget "DataStructureProject" */;
			buildPhases = (
				ACE071D92022434300951D0C /* Sources */,
				ACE071DA2022434300951D0C /* Frameworks */,
				ACE071DB2022434300951D0C /* CopyFiles */,
			);
			buildRules = (
			);
			dependencies = (
			);
			name = DataStructureProject;
			productName = DataStructureProject;
			productReference = ACE071DD2022434300951D0C /* DataStructureProject */;
			productType = "com.apple.product-type.tool";
		};
/* End PBXNativeTarget section */

/* Begin PBXProject section */
		ACE071D52022434300951D0C /* Project object */ = {
			isa = PBXProject;
			attributes = {
				LastUpgradeCheck = 0900;
				ORGANIZATIONNAME = CTEC;
				TargetAttributes = {
					ACE071DC2022434300951D0C = {
						CreatedOnToolsVersion = 9.0;
						ProvisioningStyle = Automatic;
					};
				};
			};
			buildConfigurationList = ACE071D82022434300951D0C /* Build configuration list for PBXProject "DataStructureProject" */;
			compatibilityVersion = "Xcode 8.0";
			developmentRegion = en;
			hasScannedForEncodings = 0;
			knownRegions = (
				en,
			);
			mainGroup = ACE071D42022434300951D0C;
			productRefGroup = ACE071DE2022434300951D0C /* Products */;
			projectDirPath = "";
			projectRoot = "";
			targets = (
				ACE071DC2022434300951D0C /* DataStructureProject */,
			);
		};
/* End PBXProject section */

/* Begin PBXSourcesBuildPhase section */
		ACE071D92022434300951D0C /* Sources */ = {
			isa = PBXSourcesBuildPhase;
			buildActionMask = 2147483647;
			files = (
				ACE071F1202246C900951D0C /* Timer.cpp in Sources */,
				ACE071F920224DEE00951D0C /* CrimeData.cpp in Sources */,
				ACE071EC202243DB00951D0C /* Runner.cpp in Sources */,
				ACE071E9202243AE00951D0C /* Controller.cpp in Sources */,
				ACE071F420224D5A00951D0C /* FileController.cpp in Sources */,
			);
			runOnlyForDeploymentPostprocessing = 0;
		};
/* End PBXSourcesBuildPhase section */

/* Begin XCBuildConfiguration section */
		ACE071E22022434300951D0C /* Debug */ = {
			isa = XCBuildConfiguration;
			buildSettings = {
				ALWAYS_SEARCH_USER_PATHS = NO;
				CLANG_ANALYZER_NONNULL = YES;
				CLANG_ANALYZER_NUMBER_OBJECT_CONVERSION = YES_AGGRESSIVE;
				CLANG_CXX_LANGUAGE_STANDARD = "gnu++14";
				CLANG_CXX_LIBRARY = "libc++";
				CLANG_ENABLE_MODULES = YES;
				CLANG_ENABLE_OBJC_ARC = YES;
				CLANG_WARN_BLOCK_CAPTURE_AUTORELEASING = YES;
				CLANG_WARN_BOOL_CONVERSION = YES;
				CLANG_WARN_COMMA = YES;
				CLANG_WARN_CONSTANT_CONVERSION = YES;
				CLANG_WARN_DIRECT_OBJC_ISA_USAGE = YES_ERROR;
				CLANG_WARN_DOCUMENTATION_COMMENTS = YES;
				CLANG_WARN_EMPTY_BODY = YES;
				CLANG_WARN_ENUM_CONVERSION = YES;
				CLANG_WARN_INFINITE_RECURSION = YES;
				CLANG_WARN_INT_CONVERSION = YES;
				CLANG_WARN_NON_LITERAL_NULL_CONVERSION = YES;
				CLANG_WARN_OBJC_LITERAL_CONVERSION = YES;
				CLANG_WARN_OBJC_ROOT_CLASS = YES_ERROR;
				CLANG_WARN_RANGE_LOOP_ANALYSIS = YES;
				CLANG_WARN_STRICT_PROTOTYPES = YES;
				CLANG_WARN_SUSPICIOUS_MOVE = YES;
				CLANG_WARN_UNGUARDED_AVAILABILITY = YES_AGGRESSIVE;
				CLANG_WARN_UNREACHABLE_CODE = YES;
				CLANG_WARN__DUPLICATE_METHOD_MATCH = YES;
				CODE_SIGN_IDENTITY = "-";
				COPY_PHASE_STRIP = NO;
				DEBUG_INFORMATION_FORMAT = dwarf;
				ENABLE_STRICT_OBJC_MSGSEND = YES;
				ENABLE_TESTABILITY = YES;
				GCC_C_LANGUAGE_STANDARD = gnu11;
				GCC_DYNAMIC_NO_PIC = NO;
				GCC_NO_COMMON_BLOCKS = YES;
				GCC_OPTIMIZATION_LEVEL = 0;
				GCC_PREPROCESSOR_DEFINITIONS = (
					"DEBUG=1",
					"$(inherited)",
				);
				GCC_WARN_64_TO_32_BIT_CONVERSION = YES;
				GCC_WARN_ABOUT_RETURN_TYPE = YES_ERROR;
				GCC_WARN_UNDECLARED_SELECTOR = YES;
				GCC_WARN_UNINITIALIZED_AUTOS = YES_AGGRESSIVE;
				GCC_WARN_UNUSED_FUNCTION = YES;
				GCC_WARN_UNUSED_VARIABLE = YES;
				MACOSX_DEPLOYMENT_TARGET = 10.12;
				MTL_ENABLE_DEBUG_INFO = YES;
				ONLY_ACTIVE_ARCH = YES;
				SDKROOT = macosx;
			};
			name = Debug;
		};
		ACE071E32022434300951D0C /* Release */ = {
			isa = XCBuildConfiguration;
			buildSettings = {
				ALWAYS_SEARCH_USER_PATHS = NO;
				CLANG_ANALYZER_NONNULL = YES;
				CLANG_ANALYZER_NUMBER_OBJECT_CONVERSION = YES_AGGRESSIVE;
				CLANG_CXX_LANGUAGE_STANDARD = "gnu++14";
				CLANG_CXX_LIBRARY = "libc++";
				CLANG_ENABLE_MODULES = YES;
				CLANG_ENABLE_OBJC_ARC = YES;
				CLANG_WARN_BLOCK_CAPTURE_AUTORELEASING = YES;
				CLANG_WARN_BOOL_CONVERSION = YES;
				CLANG_WARN_COMMA = YES;
				CLANG_WARN_CONSTANT_CONVERSION = YES;
				CLANG_WARN_DIRECT_OBJC_ISA_USAGE = YES_ERROR;
				CLANG_WARN_DOCUMENTATION_COMMENTS = YES;
				CLANG_WARN_EMPTY_BODY = YES;
				CLANG_WARN_ENUM_CONVERSION = YES;
				CLANG_WARN_INFINITE_RECURSION = YES;
				CLANG_WARN_INT_CONVERSION = YES;
				CLANG_WARN_NON_LITERAL_NULL_CONVERSION = YES;
				CLANG_WARN_OBJC_LITERAL_CONVERSION = YES;
				CLANG_WARN_OBJC_ROOT_CLASS = YES_ERROR;
				CLANG_WARN_RANGE_LOOP_ANALYSIS = YES;
				CLANG_WARN_STRICT_PROTOTYPES = YES;
				CLANG_WARN_SUSPICIOUS_MOVE = YES;
				CLANG_WARN_UNGUARDED_AVAILABILITY = YES_AGGRESSIVE;
				CLANG_WARN_UNREACHABLE_CODE = YES;
				CLANG_WARN__DUPLICATE_METHOD_MATCH = YES;
				CODE_SIGN_IDENTITY = "-";
				COPY_PHASE_STRIP = NO;
				DEBUG_INFORMATION_FORMAT = "dwarf-with-dsym";
				ENABLE_NS_ASSERTIONS = NO;
				ENABLE_STRICT_OBJC_MSGSEND = YES;
				GCC_C_LANGUAGE_STANDARD = gnu11;
				GCC_NO_COMMON_BLOCKS = YES;
				GCC_WARN_64_TO_32_BIT_CONVERSION = YES;
				GCC_WARN_ABOUT_RETURN_TYPE = YES_ERROR;
				GCC_WARN_UNDECLARED_SELECTOR = YES;
				GCC_WARN_UNINITIALIZED_AUTOS = YES_AGGRESSIVE;
				GCC_WARN_UNUSED_FUNCTION = YES;
				GCC_WARN_UNUSED_VARIABLE = YES;
				MACOSX_DEPLOYMENT_TARGET = 10.12;
				MTL_ENABLE_DEBUG_INFO = NO;
				SDKROOT = macosx;
			};
			name = Release;
		};
		ACE071E52022434300951D0C /* Debug */ = {
			isa = XCBuildConfiguration;
			buildSettings = {
				CODE_SIGN_STYLE = Automatic;
				PRODUCT_NAME = "$(TARGET_NAME)";
			};
			name = Debug;
		};
		ACE071E62022434300951D0C /* Release */ = {
			isa = XCBuildConfiguration;
			buildSettings = {
				CODE_SIGN_STYLE = Automatic;
				PRODUCT_NAME = "$(TARGET_NAME)";
			};
			name = Release;
		};
/* End XCBuildConfiguration section */

/* Begin XCConfigurationList section */
		ACE071D82022434300951D0C /* Build configuration list for PBXProject "DataStructureProject" */ = {
			isa = XCConfigurationList;
			buildConfigurations = (
				ACE071E22022434300951D0C /* Debug */,
				ACE071E32022434300951D0C /* Release */,
			);
			defaultConfigurationIsVisible = 0;
			defaultConfigurationName = Release;
		};
		ACE071E42022434300951D0C /* Build configuration list for PBXNativeTarget "DataStructureProject" */ = {
			isa = XCConfigurationList;
			buildConfigurations = (
				ACE071E52022434300951D0C /* Debug */,
				ACE071E62022434300951D0C /* Release */,
			);
			defaultConfigurationIsVisible = 0;
			defaultConfigurationName = Release;
		};
/* End XCConfigurationList section */
	};
	rootObject = ACE071D52022434300951D0C /* Project object */;
}
